schema: '2.0'
stages:
  document_loader:
    cmd: python src/components/document_loader.py
    deps:
    - path: src/components/document_loader.py
      hash: md5
      md5: 86b85fcc3c6139905c164c6144282727
      size: 855
    - path: src/constant/__init__.py
      hash: md5
      md5: 8de9c6f1c07fde4ff07ea603b3cf64d5
      size: 393
    outs:
    - path: database/extracted_txt
      hash: md5
      md5: 8029766d7c67531ae144738656452dfb.dir
      size: 606906
      nfiles: 1
  preprocessing_txt:
    cmd: python src/components/preprocessing_txt.py
    deps:
    - path: database/extracted_txt
      hash: md5
      md5: 8029766d7c67531ae144738656452dfb.dir
      size: 606906
      nfiles: 1
    - path: src/components/preprocessing_txt.py
      hash: md5
      md5: 54c622456a85dc5589edc44d8a2012e8
      size: 2268
    - path: src/constant/__init__.py
      hash: md5
      md5: 8de9c6f1c07fde4ff07ea603b3cf64d5
      size: 393
    outs:
    - path: database/cleaned_txt
      hash: md5
      md5: 18e2569d8df0df4fbc774f095c807439.dir
      size: 584662
      nfiles: 1
  chunk:
    cmd: python src/components/chunk.py
    deps:
    - path: database/cleaned_txt
      hash: md5
      md5: 18e2569d8df0df4fbc774f095c807439.dir
      size: 584662
      nfiles: 1
    - path: src/components/chunk.py
      hash: md5
      md5: 4345e7416ccbd395e3ca9ecd5bd18dde
      size: 2262
    - path: src/constant/__init__.py
      hash: md5
      md5: 8de9c6f1c07fde4ff07ea603b3cf64d5
      size: 393
    outs:
    - path: database/chunk
      hash: md5
      md5: 9776d244316592a0cb67096c2e4db519.dir
      size: 805210
      nfiles: 1
